// !$*UTF8*$!
{
	archiveVersion = 1;
	classes = {
	};
	objectVersion = 48;
	objects = {

/* Begin PBXBuildFile section */
		CAF8AC4F862E25F7E3418FCA /* Pods_graph.framework in Frameworks */ = {isa = PBXBuildFile; fileRef = D313EC819D020A75DD6529F9 /* Pods_graph.framework */; };
		D645F7562032384B007BA88D /* ChartViewController.swift in Sources */ = {isa = PBXBuildFile; fileRef = D645F7552032384B007BA88D /* ChartViewController.swift */; };
		D645F7582032387D007BA88D /* ChartModel.swift in Sources */ = {isa = PBXBuildFile; fileRef = D645F7572032387D007BA88D /* ChartModel.swift */; };
		D645F75A2032388D007BA88D /* ChartPresenter.swift in Sources */ = {isa = PBXBuildFile; fileRef = D645F7592032388D007BA88D /* ChartPresenter.swift */; };
		D6B7B5FF203236C400391DFD /* AppDelegate.swift in Sources */ = {isa = PBXBuildFile; fileRef = D6B7B5FE203236C400391DFD /* AppDelegate.swift */; };
		D6B7B604203236C400391DFD /* Main.storyboard in Resources */ = {isa = PBXBuildFile; fileRef = D6B7B602203236C400391DFD /* Main.storyboard */; };
		D6B7B606203236C400391DFD /* Assets.xcassets in Resources */ = {isa = PBXBuildFile; fileRef = D6B7B605203236C400391DFD /* Assets.xcassets */; };
		D6B7B609203236C400391DFD /* LaunchScreen.storyboard in Resources */ = {isa = PBXBuildFile; fileRef = D6B7B607203236C400391DFD /* LaunchScreen.storyboard */; };
/* End PBXBuildFile section */

/* Begin PBXFileReference section */
		056734B3F89A94A464B4FCCA /* Pods-graph.debug.xcconfig */ = {isa = PBXFileReference; includeInIndex = 1; lastKnownFileType = text.xcconfig; name = "Pods-graph.debug.xcconfig"; path = "Pods/Target Support Files/Pods-graph/Pods-graph.debug.xcconfig"; sourceTree = "<group>"; };
		75A7E5CD45D70C0B75DD03BE /* Pods-BrilliantBasics-Test.release.xcconfig */ = {isa = PBXFileReference; includeInIndex = 1; lastKnownFileType = text.xcconfig; name = "Pods-BrilliantBasics-Test.release.xcconfig"; path = "Pods/Target Support Files/Pods-BrilliantBasics-Test/Pods-BrilliantBasics-Test.release.xcconfig"; sourceTree = "<group>"; };
		B5B1BB82441CF7C630EFEE7D /* Pods-graph.release.xcconfig */ = {isa = PBXFileReference; includeInIndex = 1; lastKnownFileType = text.xcconfig; name = "Pods-graph.release.xcconfig"; path = "Pods/Target Support Files/Pods-graph/Pods-graph.release.xcconfig"; sourceTree = "<group>"; };
		C187E9376FEC69CEC27E01BD /* Pods-BrilliantBasics-Test.debug.xcconfig */ = {isa = PBXFileReference; includeInIndex = 1; lastKnownFileType = text.xcconfig; name = "Pods-BrilliantBasics-Test.debug.xcconfig"; path = "Pods/Target Support Files/Pods-BrilliantBasics-Test/Pods-BrilliantBasics-Test.debug.xcconfig"; sourceTree = "<group>"; };
		D313EC819D020A75DD6529F9 /* Pods_graph.framework */ = {isa = PBXFileReference; explicitFileType = wrapper.framework; includeInIndex = 0; path = Pods_graph.framework; sourceTree = BUILT_PRODUCTS_DIR; };
		D645F7552032384B007BA88D /* ChartViewController.swift */ = {isa = PBXFileReference; lastKnownFileType = sourcecode.swift; path = ChartViewController.swift; sourceTree = "<group>"; };
		D645F7572032387D007BA88D /* ChartModel.swift */ = {isa = PBXFileReference; lastKnownFileType = sourcecode.swift; path = ChartModel.swift; sourceTree = "<group>"; };
		D645F7592032388D007BA88D /* ChartPresenter.swift */ = {isa = PBXFileReference; lastKnownFileType = sourcecode.swift; path = ChartPresenter.swift; sourceTree = "<group>"; };
		D6B7B5FB203236C400391DFD /* graph.app */ = {isa = PBXFileReference; explicitFileType = wrapper.application; includeInIndex = 0; path = graph.app; sourceTree = BUILT_PRODUCTS_DIR; };
		D6B7B5FE203236C400391DFD /* AppDelegate.swift */ = {isa = PBXFileReference; lastKnownFileType = sourcecode.swift; path = AppDelegate.swift; sourceTree = "<group>"; };
		D6B7B603203236C400391DFD /* Base */ = {isa = PBXFileReference; lastKnownFileType = file.storyboard; name = Base; path = Base.lproj/Main.storyboard; sourceTree = "<group>"; };
		D6B7B605203236C400391DFD /* Assets.xcassets */ = {isa = PBXFileReference; lastKnownFileType = folder.assetcatalog; path = Assets.xcassets; sourceTree = "<group>"; };
		D6B7B608203236C400391DFD /* Base */ = {isa = PBXFileReference; lastKnownFileType = file.storyboard; name = Base; path = Base.lproj/LaunchScreen.storyboard; sourceTree = "<group>"; };
		D6B7B60A203236C400391DFD /* Info.plist */ = {isa = PBXFileReference; lastKnownFileType = text.plist.xml; path = Info.plist; sourceTree = "<group>"; };
/* End PBXFileReference section */

/* Begin PBXFrameworksBuildPhase section */
		D6B7B5F8203236C400391DFD /* Frameworks */ = {
			isa = PBXFrameworksBuildPhase;
			buildActionMask = 2147483647;
			files = (
				CAF8AC4F862E25F7E3418FCA /* Pods_graph.framework in Frameworks */,
			);
			runOnlyForDeploymentPostprocessing = 0;
		};
/* End PBXFrameworksBuildPhase section */

/* Begin PBXGroup section */
		475EDEA989B758FB1767C9D5 /* Pods */ = {
			isa = PBXGroup;
			children = (
				C187E9376FEC69CEC27E01BD /* Pods-BrilliantBasics-Test.debug.xcconfig */,
				75A7E5CD45D70C0B75DD03BE /* Pods-BrilliantBasics-Test.release.xcconfig */,
				056734B3F89A94A464B4FCCA /* Pods-graph.debug.xcconfig */,
				B5B1BB82441CF7C630EFEE7D /* Pods-graph.release.xcconfig */,
			);
			name = Pods;
			sourceTree = "<group>";
		};
		D645F75F2032446E007BA88D /* ChartView */ = {
			isa = PBXGroup;
			children = (
				D6B7B602203236C400391DFD /* Main.storyboard */,
				D645F7552032384B007BA88D /* ChartViewController.swift */,
				D645F7592032388D007BA88D /* ChartPresenter.swift */,
				D645F7572032387D007BA88D /* ChartModel.swift */,
			);
			path = ChartView;
			sourceTree = "<group>";
		};
		D6B7B5F2203236C400391DFD = {
			isa = PBXGroup;
			children = (
				D6B7B5FD203236C400391DFD /* graph */,
				D6B7B5FC203236C400391DFD /* Products */,
				475EDEA989B758FB1767C9D5 /* Pods */,
				FE9DFD1C1A641A6986BA99C3 /* Frameworks */,
			);
			sourceTree = "<group>";
		};
		D6B7B5FC203236C400391DFD /* Products */ = {
			isa = PBXGroup;
			children = (
				D6B7B5FB203236C400391DFD /* graph.app */,
			);
			name = Products;
			sourceTree = "<group>";
		};
		D6B7B5FD203236C400391DFD /* graph */ = {
			isa = PBXGroup;
			children = (
				D6B7B5FE203236C400391DFD /* AppDelegate.swift */,
				D645F75F2032446E007BA88D /* ChartView */,
				D6B7B605203236C400391DFD /* Assets.xcassets */,
				D6B7B607203236C400391DFD /* LaunchScreen.storyboard */,
				D6B7B60A203236C400391DFD /* Info.plist */,
			);
			path = graph;
			sourceTree = "<group>";
		};
		FE9DFD1C1A641A6986BA99C3 /* Frameworks */ = {
			isa = PBXGroup;
			children = (
				D313EC819D020A75DD6529F9 /* Pods_graph.framework */,
			);
			name = Frameworks;
			sourceTree = "<group>";
		};
/* End PBXGroup section */

/* Begin PBXNativeTarget section */
		D6B7B5FA203236C400391DFD /* graph */ = {
			isa = PBXNativeTarget;
			buildConfigurationList = D6B7B60D203236C400391DFD /* Build configuration list for PBXNativeTarget "graph" */;
			buildPhases = (
				81BEF66592A1D3B3829D04AF /* [CP] Check Pods Manifest.lock */,
				D6B7B5F7203236C400391DFD /* Sources */,
				D6B7B5F8203236C400391DFD /* Frameworks */,
				D6B7B5F9203236C400391DFD /* Resources */,
				A105353BDA9CEC6E1DED3FF3 /* [CP] Embed Pods Frameworks */,
			);
			buildRules = (
			);
			dependencies = (
			);
			name = graph;
			productName = "BrilliantBasics-Test";
			productReference = D6B7B5FB203236C400391DFD /* graph.app */;
			productType = "com.apple.product-type.application";
		};
/* End PBXNativeTarget section */

/* Begin PBXProject section */
		D6B7B5F3203236C400391DFD /* Project object */ = {
			isa = PBXProject;
			attributes = {
				LastSwiftUpdateCheck = 0920;
				LastUpgradeCheck = 0920;
				ORGANIZATIONNAME = "antoine simon";
				TargetAttributes = {
					D6B7B5FA203236C400391DFD = {
						CreatedOnToolsVersion = 9.2;
						ProvisioningStyle = Automatic;
					};
				};
			};
			buildConfigurationList = D6B7B5F6203236C400391DFD /* Build configuration list for PBXProject "graph" */;
			compatibilityVersion = "Xcode 8.0";
			developmentRegion = en;
			hasScannedForEncodings = 0;
			knownRegions = (
				en,
				Base,
			);
			mainGroup = D6B7B5F2203236C400391DFD;
			productRefGroup = D6B7B5FC203236C400391DFD /* Products */;
			projectDirPath = "";
			projectRoot = "";
			targets = (
				D6B7B5FA203236C400391DFD /* graph */,
			);
		};
/* End PBXProject section */

/* Begin PBXResourcesBuildPhase section */
		D6B7B5F9203236C400391DFD /* Resources */ = {
			isa = PBXResourcesBuildPhase;
			buildActionMask = 2147483647;
			files = (
				D6B7B609203236C400391DFD /* LaunchScreen.storyboard in Resources */,
				D6B7B606203236C400391DFD /* Assets.xcassets in Resources */,
				D6B7B604203236C400391DFD /* Main.storyboard in Resources */,
			);
			runOnlyForDeploymentPostprocessing = 0;
		};
/* End PBXResourcesBuildPhase section */

/* Begin PBXShellScriptBuildPhase section */
		81BEF66592A1D3B3829D04AF /* [CP] Check Pods Manifest.lock */ = {
			isa = PBXShellScriptBuildPhase;
			buildActionMask = 2147483647;
			files = (
			);
			inputPaths = (
				"${PODS_PODFILE_DIR_PATH}/Podfile.lock",
				"${PODS_ROOT}/Manifest.lock",
			);
			name = "[CP] Check Pods Manifest.lock";
			outputPaths = (
				"$(DERIVED_FILE_DIR)/Pods-graph-checkManifestLockResult.txt",
			);
			runOnlyForDeploymentPostprocessing = 0;
			shellPath = /bin/sh;
			shellScript = "diff \"${PODS_PODFILE_DIR_PATH}/Podfile.lock\" \"${PODS_ROOT}/Manifest.lock\" > /dev/null\nif [ $? != 0 ] ; then\n    # print error to STDERR\n    echo \"error: The sandbox is not in sync with the Podfile.lock. Run 'pod install' or update your CocoaPods installation.\" >&2\n    exit 1\nfi\n# This output is used by Xcode 'outputs' to avoid re-running this script phase.\necho \"SUCCESS\" > \"${SCRIPT_OUTPUT_FILE_0}\"\n";
			showEnvVarsInLog = 0;
		};
		A105353BDA9CEC6E1DED3FF3 /* [CP] Embed Pods Frameworks */ = {
			isa = PBXShellScriptBuildPhase;
			buildActionMask = 2147483647;
			files = (
			);
			inputPaths = (
				"${PODS_ROOT}/Target Support Files/Pods-graph/Pods-graph-frameworks.sh",
				"${BUILT_PRODUCTS_DIR}/Alamofire/Alamofire.framework",
				"${BUILT_PRODUCTS_DIR}/Charts/Charts.framework",
			);
			name = "[CP] Embed Pods Frameworks";
			outputPaths = (
				"${TARGET_BUILD_DIR}/${FRAMEWORKS_FOLDER_PATH}/Alamofire.framework",
				"${TARGET_BUILD_DIR}/${FRAMEWORKS_FOLDER_PATH}/Charts.framework",
			);
			runOnlyForDeploymentPostprocessing = 0;
			shellPath = /bin/sh;
			shellScript = "\"${PODS_ROOT}/Target Support Files/Pods-graph/Pods-graph-frameworks.sh\"\n";
			showEnvVarsInLog = 0;
		};
/* End PBXShellScriptBuildPhase section */

/* Begin PBXSourcesBuildPhase section */
		D6B7B5F7203236C400391DFD /* Sources */ = {
			isa = PBXSourcesBuildPhase;
			buildActionMask = 2147483647;
			files = (
				D6B7B5FF203236C400391DFD /* AppDelegate.swift in Sources */,
				D645F75A2032388D007BA88D /* ChartPresenter.swift in Sources */,
				D645F7582032387D007BA88D /* ChartModel.swift in Sources */,
				D645F7562032384B007BA88D /* ChartViewController.swift in Sources */,
			);
			runOnlyForDeploymentPostprocessing = 0;
		};
/* End PBXSourcesBuildPhase section */

/* Begin PBXVariantGroup section */
		D6B7B602203236C400391DFD /* Main.storyboard */ = {
			isa = PBXVariantGroup;
			children = (
				D6B7B603203236C400391DFD /* Base */,
			);
			name = Main.storyboard;
			sourceTree = "<group>";
		};
		D6B7B607203236C400391DFD /* LaunchScreen.storyboard */ = {
			isa = PBXVariantGroup;
			children = (
				D6B7B608203236C400391DFD /* Base */,
			);
			name = LaunchScreen.storyboard;
			sourceTree = "<group>";
		};
/* End PBXVariantGroup section */

/* Begin XCBuildConfiguration section */
		D6B7B60B203236C400391DFD /* Debug */ = {
			isa = XCBuildConfiguration;
			buildSettings = {
				ALWAYS_SEARCH_USER_PATHS = NO;
				CLANG_ANALYZER_NONNULL = YES;
				CLANG_ANALYZER_NUMBER_OBJECT_CONVERSION = YES_AGGRESSIVE;
				CLANG_CXX_LANGUAGE_STANDARD = "gnu++14";
				CLANG_CXX_LIBRARY = "libc++";
				CLANG_ENABLE_MODULES = YES;
				CLANG_ENABLE_OBJC_ARC = YES;
				CLANG_WARN_BLOCK_CAPTURE_AUTORELEASING = YES;
				CLANG_WARN_BOOL_CONVERSION = YES;
				CLANG_WARN_COMMA = YES;
				CLANG_WARN_CONSTANT_CONVERSION = YES;
				CLANG_WARN_DIRECT_OBJC_ISA_USAGE = YES_ERROR;
				CLANG_WARN_DOCUMENTATION_COMMENTS = YES;
				CLANG_WARN_EMPTY_BODY = YES;
				CLANG_WARN_ENUM_CONVERSION = YES;
				CLANG_WARN_INFINITE_RECURSION = YES;
				CLANG_WARN_INT_CONVERSION = YES;
				CLANG_WARN_NON_LITERAL_NULL_CONVERSION = YES;
				CLANG_WARN_OBJC_LITERAL_CONVERSION = YES;
				CLANG_WARN_OBJC_ROOT_CLASS = YES_ERROR;
				CLANG_WARN_RANGE_LOOP_ANALYSIS = YES;
				CLANG_WARN_STRICT_PROTOTYPES = YES;
				CLANG_WARN_SUSPICIOUS_MOVE = YES;
				CLANG_WARN_UNGUARDED_AVAILABILITY = YES_AGGRESSIVE;
				CLANG_WARN_UNREACHABLE_CODE = YES;
				CLANG_WARN__DUPLICATE_METHOD_MATCH = YES;
				CODE_SIGN_IDENTITY = "iPhone Developer";
				COPY_PHASE_STRIP = NO;
				DEBUG_INFORMATION_FORMAT = dwarf;
				ENABLE_STRICT_OBJC_MSGSEND = YES;
				ENABLE_TESTABILITY = YES;
				GCC_C_LANGUAGE_STANDARD = gnu11;
				GCC_DYNAMIC_NO_PIC = NO;
				GCC_NO_COMMON_BLOCKS = YES;
				GCC_OPTIMIZATION_LEVEL = 0;
				GCC_PREPROCESSOR_DEFINITIONS = (
					"DEBUG=1",
					"$(inherited)",
				);
				GCC_WARN_64_TO_32_BIT_CONVERSION = YES;
				GCC_WARN_ABOUT_RETURN_TYPE = YES_ERROR;
				GCC_WARN_UNDECLARED_SELECTOR = YES;
				GCC_WARN_UNINITIALIZED_AUTOS = YES_AGGRESSIVE;
				GCC_WARN_UNUSED_FUNCTION = YES;
				GCC_WARN_UNUSED_VARIABLE = YES;
				IPHONEOS_DEPLOYMENT_TARGET = 11.2;
				MTL_ENABLE_DEBUG_INFO = YES;
				ONLY_ACTIVE_ARCH = YES;
				SDKROOT = iphoneos;
				SWIFT_ACTIVE_COMPILATION_CONDITIONS = DEBUG;
				SWIFT_OPTIMIZATION_LEVEL = "-Onone";
			};
			name = Debug;
		};
		D6B7B60C203236C400391DFD /* Release */ = {
			isa = XCBuildConfiguration;
			buildSettings = {
				ALWAYS_SEARCH_USER_PATHS = NO;
				CLANG_ANALYZER_NONNULL = YES;
				CLANG_ANALYZER_NUMBER_OBJECT_CONVERSION = YES_AGGRESSIVE;
				CLANG_CXX_LANGUAGE_STANDARD = "gnu++14";
				CLANG_CXX_LIBRARY = "libc++";
				CLANG_ENABLE_MODULES = YES;
				CLANG_ENABLE_OBJC_ARC = YES;
				CLANG_WARN_BLOCK_CAPTURE_AUTORELEASING = YES;
				CLANG_WARN_BOOL_CONVERSION = YES;
				CLANG_WARN_COMMA = YES;
				CLANG_WARN_CONSTANT_CONVERSION = YES;
				CLANG_WARN_DIRECT_OBJC_ISA_USAGE = YES_ERROR;
				CLANG_WARN_DOCUMENTATION_COMMENTS = YES;
				CLANG_WARN_EMPTY_BODY = YES;
				CLANG_WARN_ENUM_CONVERSION = YES;
				CLANG_WARN_INFINITE_RECURSION = YES;
				CLANG_WARN_INT_CONVERSION = YES;
				CLANG_WARN_NON_LITERAL_NULL_CONVERSION = YES;
				CLANG_WARN_OBJC_LITERAL_CONVERSION = YES;
				CLANG_WARN_OBJC_ROOT_CLASS = YES_ERROR;
				CLANG_WARN_RANGE_LOOP_ANALYSIS = YES;
				CLANG_WARN_STRICT_PROTOTYPES = YES;
				CLANG_WARN_SUSPICIOUS_MOVE = YES;
				CLANG_WARN_UNGUARDED_AVAILABILITY = YES_AGGRESSIVE;
				CLANG_WARN_UNREACHABLE_CODE = YES;
				CLANG_WARN__DUPLICATE_METHOD_MATCH = YES;
				CODE_SIGN_IDENTITY = "iPhone Developer";
				COPY_PHASE_STRIP = NO;
				DEBUG_INFORMATION_FORMAT = "dwarf-with-dsym";
				ENABLE_NS_ASSERTIONS = NO;
				ENABLE_STRICT_OBJC_MSGSEND = YES;
				GCC_C_LANGUAGE_STANDARD = gnu11;
				GCC_NO_COMMON_BLOCKS = YES;
				GCC_WARN_64_TO_32_BIT_CONVERSION = YES;
				GCC_WARN_ABOUT_RETURN_TYPE = YES_ERROR;
				GCC_WARN_UNDECLARED_SELECTOR = YES;
				GCC_WARN_UNINITIALIZED_AUTOS = YES_AGGRESSIVE;
				GCC_WARN_UNUSED_FUNCTION = YES;
				GCC_WARN_UNUSED_VARIABLE = YES;
				IPHONEOS_DEPLOYMENT_TARGET = 11.2;
				MTL_ENABLE_DEBUG_INFO = NO;
				SDKROOT = iphoneos;
				SWIFT_OPTIMIZATION_LEVEL = "-Owholemodule";
				VALIDATE_PRODUCT = YES;
			};
			name = Release;
		};
		D6B7B60E203236C400391DFD /* Debug */ = {
			isa = XCBuildConfiguration;
			baseConfigurationReference = 056734B3F89A94A464B4FCCA /* Pods-graph.debug.xcconfig */;
			buildSettings = {
				ASSETCATALOG_COMPILER_APPICON_NAME = AppIcon;
				CODE_SIGN_STYLE = Automatic;
				DEVELOPMENT_TEAM = 43N6QXKADX;
				INFOPLIST_FILE = graph/Info.plist;
				LD_RUNPATH_SEARCH_PATHS = "$(inherited) @executable_path/Frameworks";
				PRODUCT_BUNDLE_IDENTIFIER = "antoine-simon.BrilliantBasics-Test";
				PRODUCT_NAME = "$(TARGET_NAME)";
				SWIFT_VERSION = 4.0;
				TARGETED_DEVICE_FAMILY = "1,2";
			};
			name = Debug;
		};
		D6B7B60F203236C400391DFD /* Release */ = {
			isa = XCBuildConfiguration;
			baseConfigurationReference = B5B1BB82441CF7C630EFEE7D /* Pods-graph.release.xcconfig */;
			buildSettings = {
				ASSETCATALOG_COMPILER_APPICON_NAME = AppIcon;
				CODE_SIGN_STYLE = Automatic;
				DEVELOPMENT_TEAM = 43N6QXKADX;
				INFOPLIST_FILE = graph/Info.plist;
				LD_RUNPATH_SEARCH_PATHS = "$(inherited) @executable_path/Frameworks";
				PRODUCT_BUNDLE_IDENTIFIER = "antoine-simon.BrilliantBasics-Test";
				PRODUCT_NAME = "$(TARGET_NAME)";
				SWIFT_VERSION = 4.0;
				TARGETED_DEVICE_FAMILY = "1,2";
			};
			name = Release;
		};
/* End XCBuildConfiguration section */

/* Begin XCConfigurationList section */
		D6B7B5F6203236C400391DFD /* Build configuration list for PBXProject "graph" */ = {
			isa = XCConfigurationList;
			buildConfigurations = (
				D6B7B60B203236C400391DFD /* Debug */,
				D6B7B60C203236C400391DFD /* Release */,
			);
			defaultConfigurationIsVisible = 0;
			defaultConfigurationName = Release;
		};
		D6B7B60D203236C400391DFD /* Build configuration list for PBXNativeTarget "graph" */ = {
			isa = XCConfigurationList;
			buildConfigurations = (
				D6B7B60E203236C400391DFD /* Debug */,
				D6B7B60F203236C400391DFD /* Release */,
			);
			defaultConfigurationIsVisible = 0;
			defaultConfigurationName = Release;
		};
/* End XCConfigurationList section */
	};
	rootObject = D6B7B5F3203236C400391DFD /* Project object */;
}
